
Microsoft Visual Studio Solution File, Format Version 12.00
# Visual Studio Version 17
VisualStudioVersion = 17.8.34322.80
MinimumVisualStudioVersion = 10.0.40219.1
Project("{FAE04EC0-301F-11D3-BF4B-00C04F79EFBC}") = "KR", "KR\KR.csproj", "{2756C469-BB5B-4724-9ABD-8D27F6BC7F06}"
EndProject
Global
	GlobalSection(SolutionConfigurationPlatforms) = preSolution
		Debug|Any CPU = Debug|Any CPU
		Release|Any CPU = Release|Any CPU
	EndGlobalSection
	GlobalSection(ProjectConfigurationPlatforms) = postSolution
		{2756C469-BB5B-4724-9ABD-8D27F6BC7F06}.Debug|Any CPU.ActiveCfg = Debug|Any CPU
		{2756C469-BB5B-4724-9ABD-8D27F6BC7F06}.Debug|Any CPU.Build.0 = Debug|Any CPU
		{2756C469-BB5B-4724-9ABD-8D27F6BC7F06}.Release|Any CPU.ActiveCfg = Release|Any CPU
		{2756C469-BB5B-4724-9ABD-8D27F6BC7F06}.Release|Any CPU.Build.0 = Release|Any CPU
	EndGlobalSection
	GlobalSection(SolutionProperties) = preSolution
		HideSolutionNode = FALSE
	EndGlobalSection
	GlobalSection(ExtensibilityGlobals) = postSolution
		SolutionGuid = {CD2D6F7B-6236-4094-BE48-9FFEBFC23DBE}
	EndGlobalSection
EndGlobal
